<?xml version="1.0" encoding="UTF-8"?>
<Project ToolsVersion="4.0" xmlns="http://schemas.microsoft.com/developer/msbuild/2003">
  <ItemGroup>
    <CustomBuild Include="..\CMakeFiles\596130a4b34f6ad8a46f1f46dff61415\RUN_TESTS_force.rule">
      <Filter>CMake Rules</Filter>
    </CustomBuild>
  </ItemGroup>
  <ItemGroup>
    <Filter Include="CMake Rules">
      <UniqueIdentifier>{B66C8C47-FCE2-35B2-AA7A-21FF1299AED5}</UniqueIdentifier>
    </Filter>
  </ItemGroup>
</Project>
